
Microsoft Visual Studio Solution File, Format Version 12.00
# Visual Studio Version 17
VisualStudioVersion = 17.3.32929.385
MinimumVisualStudioVersion = 10.0.40219.1
Project("{9A19103F-16F7-4668-BE54-9A1E7A4F7556}") = "Restaurangen", "Restaurangen\Restaurangen.csproj", "{35D4299A-5DF0-4D88-984B-ED3A5EE6CBE2}"
EndProject
Project("{9A19103F-16F7-4668-BE54-9A1E7A4F7556}") = "GUI", "..\..\GUI\GUI\GUI\GUI.csproj", "{0BB59269-CCE3-4A2E-B88D-07D46F916A97}"
EndProject
Global
	GlobalSection(SolutionConfigurationPlatforms) = preSolution
		Debug|Any CPU = Debug|Any CPU
		Release|Any CPU = Release|Any CPU
	EndGlobalSection
	GlobalSection(ProjectConfigurationPlatforms) = postSolution
		{35D4299A-5DF0-4D88-984B-ED3A5EE6CBE2}.Debug|Any CPU.ActiveCfg = Debug|Any CPU
		{35D4299A-5DF0-4D88-984B-ED3A5EE6CBE2}.Debug|Any CPU.Build.0 = Debug|Any CPU
		{35D4299A-5DF0-4D88-984B-ED3A5EE6CBE2}.Release|Any CPU.ActiveCfg = Release|Any CPU
		{35D4299A-5DF0-4D88-984B-ED3A5EE6CBE2}.Release|Any CPU.Build.0 = Release|Any CPU
		{0BB59269-CCE3-4A2E-B88D-07D46F916A97}.Debug|Any CPU.ActiveCfg = Debug|Any CPU
		{0BB59269-CCE3-4A2E-B88D-07D46F916A97}.Debug|Any CPU.Build.0 = Debug|Any CPU
		{0BB59269-CCE3-4A2E-B88D-07D46F916A97}.Release|Any CPU.ActiveCfg = Release|Any CPU
		{0BB59269-CCE3-4A2E-B88D-07D46F916A97}.Release|Any CPU.Build.0 = Release|Any CPU
	EndGlobalSection
	GlobalSection(SolutionProperties) = preSolution
		HideSolutionNode = FALSE
	EndGlobalSection
	GlobalSection(ExtensibilityGlobals) = postSolution
		SolutionGuid = {4007D7E3-A199-47F5-942F-00BD0C0D45F2}
	EndGlobalSection
EndGlobal
